hash: e590116c68cbba4a50a6067b45e895e7ee746c9ff58a28bf98638d4043722389
updated: 2016-08-09T10:44:20.357366289+02:00
imports:
- name: github.com/bshuster-repo/logrus-logstash-hook
  version: f8b7f00a4feb2088e5f7290f1c9360d1081ba0b5
- name: github.com/davecgh/go-spew
  version: 5215b55f46b2b919f50a1df0eaa5886afe4e3b3d
  subpackages:
  - spew
- name: github.com/eapache/go-resiliency
  version: b86b1ec0dd4209a588dc1285cdd471e73525c0b3
  subpackages:
  - breaker
- name: github.com/eapache/go-xerial-snappy
  version: bb955e01b9346ac19dc29eb16586c90ded99a98c
- name: github.com/eapache/queue
  version: ded5959c0d4e360646dc9e9908cff48666781367
- name: github.com/golang/snappy
  version: d9eb7a3d35ec988b8585d4a0068e462c27d28380
- name: github.com/klauspost/crc32
  version: 19b0b332c9e4516a6370a0456e6182c3b5036720
- name: github.com/olebedev/config
  version: dd1049a3738432dfc49417e2ae5bd97e132ecac6
- name: github.com/Sirupsen/logrus
  version: 4b6ea7319e214d98c938f12692336f7ca9348d6b
  subpackages:
  - hooks/syslog
- name: github.com/streadway/amqp
  version: 2e25825abdbd7752ff08b270d313b93519a0a232
- name: github.com/urfave/cli
  version: 1efa31f08b9333f1bd4882d61f9d668a70cd902e
- name: golang.org/x/sys
  version: a646d33e2ee3172a661fc09bca23bb4889a41bc8
  subpackages:
  - unix
- name: gopkg.in/bsm/ratelimit.v1
  version: db14e161995a5177acef654cb0dd785e8ee8bc22
- name: gopkg.in/natefinch/lumberjack.v2
  version: 514cbda263a734ae8caac038dadf05f8f3f9f738
- name: gopkg.in/redis.v3
  version: b5e368500d0a508ef8f16e9c2d4025a8a46bcc29
  subpackages:
  - internal
  - internal/consistenthash
  - internal/hashtag
  - internal/pool
- name: gopkg.in/Shopify/sarama.v1
  version: 9bb4a68d57ff6f623363aa172f0a8297aa289ba7
- name: gopkg.in/yaml.v2
  version: e4d366fc3c7938e2958e662b4258c7a89e1f0e3e
testImports: []
